
Microsoft Visual Studio Solution File, Format Version 12.00
# Visual Studio Version 17
VisualStudioVersion = 17.6.33723.286
MinimumVisualStudioVersion = 10.0.40219.1
Project("{FAE04EC0-301F-11D3-BF4B-00C04F79EFBC}") = "AssetArray.API", "AssetArray-API\AssetArray.API.csproj", "{1DC19B6A-4BA8-4297-A048-5D0A6E4662A0}"
EndProject
Global
	GlobalSection(SolutionConfigurationPlatforms) = preSolution
		Debug|Any CPU = Debug|Any CPU
		Release|Any CPU = Release|Any CPU
	EndGlobalSection
	GlobalSection(ProjectConfigurationPlatforms) = postSolution
		{1DC19B6A-4BA8-4297-A048-5D0A6E4662A0}.Debug|Any CPU.ActiveCfg = Debug|Any CPU
		{1DC19B6A-4BA8-4297-A048-5D0A6E4662A0}.Debug|Any CPU.Build.0 = Debug|Any CPU
		{1DC19B6A-4BA8-4297-A048-5D0A6E4662A0}.Release|Any CPU.ActiveCfg = Release|Any CPU
		{1DC19B6A-4BA8-4297-A048-5D0A6E4662A0}.Release|Any CPU.Build.0 = Release|Any CPU
	EndGlobalSection
	GlobalSection(SolutionProperties) = preSolution
		HideSolutionNode = FALSE
	EndGlobalSection
	GlobalSection(ExtensibilityGlobals) = postSolution
		SolutionGuid = {6AED6804-36F0-4E5E-A28E-5B23FECCE3E1}
	EndGlobalSection
EndGlobal
